
Microsoft Visual Studio Solution File, Format Version 11.00
# Visual Studio 2010
Project("{FAE04EC0-301F-11D3-BF4B-00C04F79EFBC}") = "invention2", "invention2\invention2.csproj", "{37832525-70F2-4565-81EC-922C6DF21762}"
EndProject
Project("{FAE04EC0-301F-11D3-BF4B-00C04F79EFBC}") = "GrayWolf", "F:\Sharif\10 (90-91)\OOD\Project\Code\2\GrayWolf2.3\GrayWolf\GrayWolf.csproj", "{BC2035C6-D427-461B-9F55-E8865A15E401}"
EndProject
Global
	GlobalSection(SolutionConfigurationPlatforms) = preSolution
		Debug|x86 = Debug|x86
		Release|x86 = Release|x86
	EndGlobalSection
	GlobalSection(ProjectConfigurationPlatforms) = postSolution
		{37832525-70F2-4565-81EC-922C6DF21762}.Debug|x86.ActiveCfg = Debug|x86
		{37832525-70F2-4565-81EC-922C6DF21762}.Debug|x86.Build.0 = Debug|x86
		{37832525-70F2-4565-81EC-922C6DF21762}.Release|x86.ActiveCfg = Release|x86
		{37832525-70F2-4565-81EC-922C6DF21762}.Release|x86.Build.0 = Release|x86
		{BC2035C6-D427-461B-9F55-E8865A15E401}.Debug|x86.ActiveCfg = Debug|x86
		{BC2035C6-D427-461B-9F55-E8865A15E401}.Debug|x86.Build.0 = Debug|x86
		{BC2035C6-D427-461B-9F55-E8865A15E401}.Release|x86.ActiveCfg = Release|x86
		{BC2035C6-D427-461B-9F55-E8865A15E401}.Release|x86.Build.0 = Release|x86
	EndGlobalSection
	GlobalSection(SolutionProperties) = preSolution
		HideSolutionNode = FALSE
	EndGlobalSection
EndGlobal
